
Microsoft Visual Studio Solution File, Format Version 12.00
# Visual Studio 15
VisualStudioVersion = 15.0.28307.329
MinimumVisualStudioVersion = 10.0.40219.1
Project("{FAE04EC0-301F-11D3-BF4B-00C04F79EFBC}") = "DEV-3", "DEV-3\DEV-3.csproj", "{4A185B94-7B5C-4E3E-A81A-62A883B28550}"
EndProject
Global
	GlobalSection(SolutionConfigurationPlatforms) = preSolution
		Debug|Any CPU = Debug|Any CPU
		Release|Any CPU = Release|Any CPU
	EndGlobalSection
	GlobalSection(ProjectConfigurationPlatforms) = postSolution
		{4A185B94-7B5C-4E3E-A81A-62A883B28550}.Debug|Any CPU.ActiveCfg = Debug|Any CPU
		{4A185B94-7B5C-4E3E-A81A-62A883B28550}.Debug|Any CPU.Build.0 = Debug|Any CPU
		{4A185B94-7B5C-4E3E-A81A-62A883B28550}.Release|Any CPU.ActiveCfg = Release|Any CPU
		{4A185B94-7B5C-4E3E-A81A-62A883B28550}.Release|Any CPU.Build.0 = Release|Any CPU
	EndGlobalSection
	GlobalSection(SolutionProperties) = preSolution
		HideSolutionNode = FALSE
	EndGlobalSection
	GlobalSection(ExtensibilityGlobals) = postSolution
		SolutionGuid = {CA14B85E-2369-4E6C-A0F2-03F0B6FF66EF}
	EndGlobalSection
EndGlobal
