
Microsoft Visual Studio Solution File, Format Version 12.00
# Visual Studio 15
VisualStudioVersion = 15.0.28307.329
MinimumVisualStudioVersion = 10.0.40219.1
Project("{FAE04EC0-301F-11D3-BF4B-00C04F79EFBC}") = "DEV-1", "DEV-1\DEV-1.csproj", "{4EBAC274-16A7-4797-AFFF-A4E932346220}"
EndProject
Global
	GlobalSection(SolutionConfigurationPlatforms) = preSolution
		Debug|Any CPU = Debug|Any CPU
		Release|Any CPU = Release|Any CPU
	EndGlobalSection
	GlobalSection(ProjectConfigurationPlatforms) = postSolution
		{4EBAC274-16A7-4797-AFFF-A4E932346220}.Debug|Any CPU.ActiveCfg = Debug|Any CPU
		{4EBAC274-16A7-4797-AFFF-A4E932346220}.Debug|Any CPU.Build.0 = Debug|Any CPU
		{4EBAC274-16A7-4797-AFFF-A4E932346220}.Release|Any CPU.ActiveCfg = Release|Any CPU
		{4EBAC274-16A7-4797-AFFF-A4E932346220}.Release|Any CPU.Build.0 = Release|Any CPU
	EndGlobalSection
	GlobalSection(SolutionProperties) = preSolution
		HideSolutionNode = FALSE
	EndGlobalSection
	GlobalSection(ExtensibilityGlobals) = postSolution
		SolutionGuid = {A81CF946-1897-4BA0-A3B9-A875D3F28091}
	EndGlobalSection
EndGlobal
